
Microsoft Visual Studio Solution File, Format Version 12.00
# Visual Studio Version 17
VisualStudioVersion = 17.0.32112.339
MinimumVisualStudioVersion = 10.0.40219.1
Project("{FAE04EC0-301F-11D3-BF4B-00C04F79EFBC}") = "ForekRequisition", "ForekRequisition\ForekRequisition.csproj", "{0BC1BA1D-45E7-47AB-BB24-3631E24B5CF5}"
EndProject
Global
	GlobalSection(SolutionConfigurationPlatforms) = preSolution
		Debug|Any CPU = Debug|Any CPU
		Release|Any CPU = Release|Any CPU
	EndGlobalSection
	GlobalSection(ProjectConfigurationPlatforms) = postSolution
		{0BC1BA1D-45E7-47AB-BB24-3631E24B5CF5}.Debug|Any CPU.ActiveCfg = Debug|Any CPU
		{0BC1BA1D-45E7-47AB-BB24-3631E24B5CF5}.Debug|Any CPU.Build.0 = Debug|Any CPU
		{0BC1BA1D-45E7-47AB-BB24-3631E24B5CF5}.Release|Any CPU.ActiveCfg = Release|Any CPU
		{0BC1BA1D-45E7-47AB-BB24-3631E24B5CF5}.Release|Any CPU.Build.0 = Release|Any CPU
	EndGlobalSection
	GlobalSection(SolutionProperties) = preSolution
		HideSolutionNode = FALSE
	EndGlobalSection
	GlobalSection(ExtensibilityGlobals) = postSolution
		SolutionGuid = {DF48C865-FB9E-4FA0-84DE-FD808C718027}
	EndGlobalSection
EndGlobal
